
Microsoft Visual Studio Solution File, Format Version 12.00
# Visual Studio 15
VisualStudioVersion = 15.0.27428.2037
MinimumVisualStudioVersion = 10.0.40219.1
Project("{8BC9CEB8-8B4A-11D0-8D11-00A0C91BC942}") = "streaming-udp-video", "streaming-udp-video\streaming-udp-video.vcxproj", "{0B549EE1-7582-4BA5-80A7-6A2B44781BC4}"
EndProject
Global
	GlobalSection(SolutionConfigurationPlatforms) = preSolution
		Debug|x64 = Debug|x64
		Debug|x86 = Debug|x86
		Release|x64 = Release|x64
		Release|x86 = Release|x86
	EndGlobalSection
	GlobalSection(ProjectConfigurationPlatforms) = postSolution
		{0B549EE1-7582-4BA5-80A7-6A2B44781BC4}.Debug|x64.ActiveCfg = Debug|x64
		{0B549EE1-7582-4BA5-80A7-6A2B44781BC4}.Debug|x64.Build.0 = Debug|x64
		{0B549EE1-7582-4BA5-80A7-6A2B44781BC4}.Debug|x86.ActiveCfg = Debug|Win32
		{0B549EE1-7582-4BA5-80A7-6A2B44781BC4}.Debug|x86.Build.0 = Debug|Win32
		{0B549EE1-7582-4BA5-80A7-6A2B44781BC4}.Release|x64.ActiveCfg = Release|x64
		{0B549EE1-7582-4BA5-80A7-6A2B44781BC4}.Release|x64.Build.0 = Release|x64
		{0B549EE1-7582-4BA5-80A7-6A2B44781BC4}.Release|x86.ActiveCfg = Release|Win32
		{0B549EE1-7582-4BA5-80A7-6A2B44781BC4}.Release|x86.Build.0 = Release|Win32
	EndGlobalSection
	GlobalSection(SolutionProperties) = preSolution
		HideSolutionNode = FALSE
	EndGlobalSection
	GlobalSection(ExtensibilityGlobals) = postSolution
		SolutionGuid = {72806EB3-FABB-4675-8DE1-03B2D3F623E9}
	EndGlobalSection
EndGlobal
